schema: '2.0'
stages:
  train:
    cmd: python src/train.py
    deps:
    - path: data/processed/X_train.csv
      hash: md5
      md5: cc8e565aa1b89c21e7473c61ce9c7b0c
      size: 11427
    - path: src/train.py
      hash: md5
      md5: 82861051312d2a9d844927ffe5da6dd3
      size: 923
    outs:
    - path: models/model.pkl
      hash: md5
      md5: 66ca6e74f9ce4b6c93bc06b9540eea34
      size: 5373
  evaluate:
    cmd: python src/evaluate.py
    deps:
    - path: models/model.pkl
      hash: md5
      md5: 66ca6e74f9ce4b6c93bc06b9540eea34
      size: 5373
    - path: src/evaluate.py
      hash: md5
      md5: 54a06411805bc11db8f0ca270e8e3f63
      size: 543
